
Microsoft Visual Studio Solution File, Format Version 12.00
# Visual Studio Version 17
VisualStudioVersion = 17.11.35312.102
MinimumVisualStudioVersion = 10.0.40219.1
Project("{FAE04EC0-301F-11D3-BF4B-00C04F79EFBC}") = "Lab1", "Lab1\Lab1.csproj", "{A2930B38-17A4-4708-90DA-29FF7D2B20E8}"
EndProject
Global
	GlobalSection(SolutionConfigurationPlatforms) = preSolution
		Debug|Any CPU = Debug|Any CPU
		Release|Any CPU = Release|Any CPU
	EndGlobalSection
	GlobalSection(ProjectConfigurationPlatforms) = postSolution
		{A2930B38-17A4-4708-90DA-29FF7D2B20E8}.Debug|Any CPU.ActiveCfg = Debug|Any CPU
		{A2930B38-17A4-4708-90DA-29FF7D2B20E8}.Debug|Any CPU.Build.0 = Debug|Any CPU
		{A2930B38-17A4-4708-90DA-29FF7D2B20E8}.Release|Any CPU.ActiveCfg = Release|Any CPU
		{A2930B38-17A4-4708-90DA-29FF7D2B20E8}.Release|Any CPU.Build.0 = Release|Any CPU
	EndGlobalSection
	GlobalSection(SolutionProperties) = preSolution
		HideSolutionNode = FALSE
	EndGlobalSection
	GlobalSection(ExtensibilityGlobals) = postSolution
		SolutionGuid = {A9C6ED7F-5AD4-472D-B094-7D009B9EEFAD}
	EndGlobalSection
EndGlobal
